
Microsoft Visual Studio Solution File, Format Version 12.00
# Visual Studio Version 16
VisualStudioVersion = 16.0.30406.217
MinimumVisualStudioVersion = 10.0.40219.1
Project("{FAE04EC0-301F-11D3-BF4B-00C04F79EFBC}") = "SRALI", "SRALI\SRALI.csproj", "{A2196AD9-C7BC-4484-99CD-A5136CF1FC50}"
EndProject
Global
	GlobalSection(SolutionConfigurationPlatforms) = preSolution
		Debug|Any CPU = Debug|Any CPU
		Release|Any CPU = Release|Any CPU
	EndGlobalSection
	GlobalSection(ProjectConfigurationPlatforms) = postSolution
		{A2196AD9-C7BC-4484-99CD-A5136CF1FC50}.Debug|Any CPU.ActiveCfg = Debug|Any CPU
		{A2196AD9-C7BC-4484-99CD-A5136CF1FC50}.Debug|Any CPU.Build.0 = Debug|Any CPU
		{A2196AD9-C7BC-4484-99CD-A5136CF1FC50}.Release|Any CPU.ActiveCfg = Release|Any CPU
		{A2196AD9-C7BC-4484-99CD-A5136CF1FC50}.Release|Any CPU.Build.0 = Release|Any CPU
	EndGlobalSection
	GlobalSection(SolutionProperties) = preSolution
		HideSolutionNode = FALSE
	EndGlobalSection
	GlobalSection(ExtensibilityGlobals) = postSolution
		SolutionGuid = {724134A3-0852-458D-807C-54B576A095F6}
	EndGlobalSection
EndGlobal
